
Microsoft Visual Studio Solution File, Format Version 12.00
# Visual Studio Version 16
VisualStudioVersion = 16.0.31729.503
MinimumVisualStudioVersion = 10.0.40219.1
Project("{9A19103F-16F7-4668-BE54-9A1E7A4F7556}") = "ChallengeLeanTechJA", "ChallengeLeanTechJA.csproj", "{6FE70E5B-42D7-4C50-95DB-345DA3DBDC56}"
EndProject
Global
	GlobalSection(SolutionConfigurationPlatforms) = preSolution
		Debug|Any CPU = Debug|Any CPU
		Release|Any CPU = Release|Any CPU
	EndGlobalSection
	GlobalSection(ProjectConfigurationPlatforms) = postSolution
		{6FE70E5B-42D7-4C50-95DB-345DA3DBDC56}.Debug|Any CPU.ActiveCfg = Debug|Any CPU
		{6FE70E5B-42D7-4C50-95DB-345DA3DBDC56}.Debug|Any CPU.Build.0 = Debug|Any CPU
		{6FE70E5B-42D7-4C50-95DB-345DA3DBDC56}.Release|Any CPU.ActiveCfg = Release|Any CPU
		{6FE70E5B-42D7-4C50-95DB-345DA3DBDC56}.Release|Any CPU.Build.0 = Release|Any CPU
	EndGlobalSection
	GlobalSection(SolutionProperties) = preSolution
		HideSolutionNode = FALSE
	EndGlobalSection
	GlobalSection(ExtensibilityGlobals) = postSolution
		SolutionGuid = {EAD3FFB8-23FB-4BED-8103-388DBBA9DD95}
	EndGlobalSection
EndGlobal
